{
  "projects": [
    {
      "projectId": "YUiM7yqBWAqsh8KSnrdj7",
      "version": "0.22.0",
      "dependencies": {},
      "lang": "ts",
      "fileLocks": [
        {
          "assetId": "YUiM7yqBWAqsh8KSnrdj7",
          "type": "projectCss",
          "checksum": "dac72600b04b6e6a3014e82512a15fe1"
        }
      ],
      "codegenVersion": "0.0.1"
    },
    {
      "projectId": "28Ba3BDvRe7EiWdfFNnLB6",
      "version": "2.27.0",
      "dependencies": {},
      "lang": "ts",
      "fileLocks": [
        {
          "assetId": "28Ba3BDvRe7EiWdfFNnLB6",
          "type": "projectCss",
          "checksum": "e1ec850476829c38b0f9b6d4f7ac446a"
        }
      ],
      "codegenVersion": "0.0.1"
    },
    {
      "projectId": "r3ASNrnyvLLLAtDvzUioQ",
      "version": "3.20.0",
      "dependencies": {},
      "lang": "ts",
      "fileLocks": [
        {
          "assetId": "r3ASNrnyvLLLAtDvzUioQ",
          "type": "projectCss",
          "checksum": "97ec772be5160e37b26814fd84fdccb9"
        }
      ],
      "codegenVersion": "0.0.1"
    },
    {
      "projectId": "kS7YGZfVr6mU43XDQjXELc",
      "version": "0.10.0",
      "dependencies": {},
      "lang": "ts",
      "fileLocks": [
        {
          "assetId": "kS7YGZfVr6mU43XDQjXELc",
          "type": "projectCss",
          "checksum": "e1ec850476829c38b0f9b6d4f7ac446a"
        }
      ],
      "codegenVersion": "0.0.1"
    },
    {
      "projectId": "8PtdGodUbexNYgkuyBUcWu",
      "version": "3.18.0",
      "dependencies": {},
      "lang": "ts",
      "fileLocks": [
        {
          "assetId": "8PtdGodUbexNYgkuyBUcWu",
          "type": "projectCss",
          "checksum": "078b5be9aa4a8ea2a39b36c771c25aaa"
        },
        {
          "assetId": "8PtdGodUbexNYgkuyBUcWu",
          "checksum": "c48776bba1b3886e93349ddfa619cee9",
          "type": "globalContexts"
        }
      ],
      "codegenVersion": "0.0.1"
    },
    {
      "projectId": "GTgVzsUHzMuCMexkxJk8C",
      "version": "1.21.0",
      "dependencies": {},
      "lang": "ts",
      "fileLocks": [
        {
          "assetId": "GTgVzsUHzMuCMexkxJk8C",
          "type": "projectCss",
          "checksum": "512ff26de67a0d5e4509540dfa8f5a2e"
        },
        {
          "assetId": "GTgVzsUHzMuCMexkxJk8C",
          "checksum": "0f9741f194f3df227f3c918ee8f3477e",
          "type": "globalContexts"
        }
      ],
      "codegenVersion": "0.0.1"
    },
    {
      "projectId": "qLp2o69PMLTDkVR2ydizGB",
      "version": "1.0.0",
      "dependencies": {
        "YUiM7yqBWAqsh8KSnrdj7": "0.22.0"
      },
      "lang": "ts",
      "fileLocks": [
        {
          "type": "globalVariant",
          "assetId": "IyEZRChoLzd-",
          "checksum": "4eebcb7fc1007389c8d72b7ed197b505"
        },
        {
          "assetId": "qLp2o69PMLTDkVR2ydizGB",
          "type": "projectCss",
          "checksum": "c1742c5c889762bad73c2175dcc4f302"
        },
        {
          "type": "renderModule",
          "assetId": "_92bhgEMLvCO",
          "checksum": "dae1d4e2ad3c406f167dfa0217bcfe34"
        },
        {
          "type": "cssRules",
          "assetId": "_92bhgEMLvCO",
          "checksum": "dae1d4e2ad3c406f167dfa0217bcfe34"
        },
        {
          "type": "renderModule",
          "assetId": "wRGgW2ODzrPS",
          "checksum": "fcd65fd635cc9a225b2349da6587184e"
        },
        {
          "type": "cssRules",
          "assetId": "wRGgW2ODzrPS",
          "checksum": "fcd65fd635cc9a225b2349da6587184e"
        },
        {
          "type": "renderModule",
          "assetId": "LI4MGYb9rz-K",
          "checksum": "e05f3dd03e74f554a77f6ee1b9be1b12"
        },
        {
          "type": "cssRules",
          "assetId": "LI4MGYb9rz-K",
          "checksum": "e05f3dd03e74f554a77f6ee1b9be1b12"
        },
        {
          "type": "renderModule",
          "assetId": "qkqoeeDOoDQG",
          "checksum": "8d5a440171dd4272e7107c2093c804b2"
        },
        {
          "type": "cssRules",
          "assetId": "qkqoeeDOoDQG",
          "checksum": "8d5a440171dd4272e7107c2093c804b2"
        },
        {
          "type": "renderModule",
          "assetId": "WeA2IiquCDBV",
          "checksum": "c835d37e607efed6f4a1844e650af414"
        },
        {
          "type": "cssRules",
          "assetId": "WeA2IiquCDBV",
          "checksum": "c835d37e607efed6f4a1844e650af414"
        },
        {
          "type": "renderModule",
          "assetId": "C6okWdZFKmR-",
          "checksum": "1cdf3bba9fc489dd284a38038bbe7387"
        },
        {
          "type": "cssRules",
          "assetId": "C6okWdZFKmR-",
          "checksum": "1cdf3bba9fc489dd284a38038bbe7387"
        },
        {
          "type": "renderModule",
          "assetId": "TQs6BfygrG5A",
          "checksum": "9298db178afe0bc022ff52a641bda18e"
        },
        {
          "type": "cssRules",
          "assetId": "TQs6BfygrG5A",
          "checksum": "9298db178afe0bc022ff52a641bda18e"
        },
        {
          "type": "renderModule",
          "assetId": "Z-g8YeXEEAY7",
          "checksum": "4ba850912a0a0eeebb7af2d0f39294dd"
        },
        {
          "type": "cssRules",
          "assetId": "Z-g8YeXEEAY7",
          "checksum": "4ba850912a0a0eeebb7af2d0f39294dd"
        },
        {
          "type": "renderModule",
          "assetId": "8u7dRtDfrWt4",
          "checksum": "f3d31e9cffd6dceb37f23f53e4c0e939"
        },
        {
          "type": "cssRules",
          "assetId": "8u7dRtDfrWt4",
          "checksum": "f3d31e9cffd6dceb37f23f53e4c0e939"
        },
        {
          "type": "renderModule",
          "assetId": "ltY1Xu1oYm1v",
          "checksum": "107bf47d9b706edc6b3a2560081824f6"
        },
        {
          "type": "cssRules",
          "assetId": "ltY1Xu1oYm1v",
          "checksum": "107bf47d9b706edc6b3a2560081824f6"
        },
        {
          "type": "renderModule",
          "assetId": "125Bsk5icPhZ",
          "checksum": "8b83fd8467062244f1fcddb49351a645"
        },
        {
          "type": "cssRules",
          "assetId": "125Bsk5icPhZ",
          "checksum": "8b83fd8467062244f1fcddb49351a645"
        },
        {
          "type": "renderModule",
          "assetId": "mtnHms1PU24L",
          "checksum": "2c7a85aede6f4ad329fe2b2334962bf1"
        },
        {
          "type": "cssRules",
          "assetId": "mtnHms1PU24L",
          "checksum": "2c7a85aede6f4ad329fe2b2334962bf1"
        },
        {
          "type": "renderModule",
          "assetId": "bEW1REZF5R2G",
          "checksum": "dee5781fea7d7715a0705abb57a846fd"
        },
        {
          "type": "cssRules",
          "assetId": "bEW1REZF5R2G",
          "checksum": "dee5781fea7d7715a0705abb57a846fd"
        },
        {
          "type": "renderModule",
          "assetId": "9Rs4TPbt8ZnV",
          "checksum": "b0b4da13e96c88af66c5a560c83011d0"
        },
        {
          "type": "cssRules",
          "assetId": "9Rs4TPbt8ZnV",
          "checksum": "b0b4da13e96c88af66c5a560c83011d0"
        },
        {
          "type": "icon",
          "assetId": "XISzVTs2qwGn",
          "checksum": "dd03bb3f21c47beea8554a16aae77741"
        },
        {
          "type": "icon",
          "assetId": "uNnr7RniB0iP",
          "checksum": "bea41c8f19fbb05e33eeb6f85995adac"
        },
        {
          "type": "icon",
          "assetId": "iXLzN7mAgXPT",
          "checksum": "dfdeb33da3ccc805e05af26517e94813"
        },
        {
          "type": "icon",
          "assetId": "f-jix24RlrkT",
          "checksum": "4f1de0349aaef57c41238616d0dfbfc3"
        },
        {
          "type": "icon",
          "assetId": "xQt0rko46VWP",
          "checksum": "652bef77b9a1f86c693b0bbb4a44f502"
        },
        {
          "type": "icon",
          "assetId": "y7sh8kmJwIBa",
          "checksum": "0f5553cd369e10e327aec4c018ed7af3"
        },
        {
          "type": "icon",
          "assetId": "u9dKrAWqP_Eh",
          "checksum": "1e69f49ec7ecefe5d688678026d0091d"
        },
        {
          "type": "icon",
          "assetId": "FliqrdPbDjC5",
          "checksum": "3b37c01933e698a85e1e3c79bef1cbbf"
        },
        {
          "type": "icon",
          "assetId": "lEVmJjc4zP-l",
          "checksum": "81b256e03567b7399012a3562a6152bb"
        },
        {
          "type": "icon",
          "assetId": "XHegtaZohm2-",
          "checksum": "8a6ad1daf156b46d6ba5168695452f98"
        },
        {
          "type": "icon",
          "assetId": "iiE7KFXczv2F",
          "checksum": "ad63213e6fd16044838460165c06a951"
        },
        {
          "type": "icon",
          "assetId": "WCxixvqKF0QW",
          "checksum": "0c867e32a65b0b146b16c8f8e0318cdb"
        },
        {
          "type": "icon",
          "assetId": "4ILD7kealJis",
          "checksum": "bcf0bd52b87d99c6689b1ed0daa2031e"
        },
        {
          "type": "icon",
          "assetId": "MNKSJdu4vHOy",
          "checksum": "acf8ef4760eefe826b8754abcf3c4d2f"
        },
        {
          "type": "icon",
          "assetId": "CxSf-1-q34Y4",
          "checksum": "963d63c0628410956df561136d68be6b"
        },
        {
          "type": "icon",
          "assetId": "BX3kIbFmbGRE",
          "checksum": "7c9ee9f4949a923a5ff119425448871c"
        },
        {
          "type": "icon",
          "assetId": "j4kIUj4P-zeQ",
          "checksum": "be8975da71e2871c543fa54501cd4aff"
        },
        {
          "type": "image",
          "assetId": "lzvocbLLhhnQ",
          "checksum": "b92f70084bcbe5f19c44e67722efc7a6"
        },
        {
          "type": "image",
          "assetId": "tCjUnKUBTd9S",
          "checksum": "a5d5ba7d3b6b548c9b69c2d829e3675e"
        },
        {
          "type": "image",
          "assetId": "OrJq1OvcN7Yt",
          "checksum": "ff569f0aca3bc0606f9bb9590d7529c9"
        },
        {
          "type": "image",
          "assetId": "t0MO9i8ERG0S",
          "checksum": "20fc18014c47b69e08aeab72062ff034"
        },
        {
          "type": "image",
          "assetId": "I-VTeB7hBvgx",
          "checksum": "ed9938e41908ef8db425f7115610be8e"
        },
        {
          "type": "image",
          "assetId": "d5m_JO7B1NQM",
          "checksum": "2cbfea9500fd5f4d3fde9b88eec4c4d6"
        },
        {
          "type": "image",
          "assetId": "DiznMnxGQLcA",
          "checksum": "ceb4a4629eaa8e9d12b58f7c780cdfdf"
        },
        {
          "type": "image",
          "assetId": "udHTImVw8Vez",
          "checksum": "eac25fc368d35b6fab2a16a4bcd5d44e"
        },
        {
          "type": "image",
          "assetId": "bo4txJxsijEp",
          "checksum": "0bdcccb687ae70fcd460ab7c25d87da9"
        },
        {
          "type": "image",
          "assetId": "uSkl5D1RZHml",
          "checksum": "63219a0c14d4b9f03383d5ce53cb8148"
        },
        {
          "type": "image",
          "assetId": "hhRdOCWhTQZQ",
          "checksum": "9f4ea09a251a292ccf13737f27eb69d7"
        },
        {
          "type": "image",
          "assetId": "YXjld9Fo5fYW",
          "checksum": "a09a910a8b28b492b84ab4f0edd1e4e5"
        },
        {
          "type": "image",
          "assetId": "Xv1YsWzxyv2-",
          "checksum": "d45ea644fb17dd3c287e7d3a71181ae3"
        },
        {
          "type": "image",
          "assetId": "ZbQPpJnMVjqd",
          "checksum": "01d7ffe5e7079626344c46cffb3c305c"
        },
        {
          "type": "image",
          "assetId": "EO1cY4NM0qik",
          "checksum": "acf2f4717b860b5e0adba1326b59502a"
        },
        {
          "type": "image",
          "assetId": "ax0Z7O4QFDAk",
          "checksum": "3c3f423324993528f308915caf2a90ca"
        },
        {
          "type": "image",
          "assetId": "hsL4uWp263l3",
          "checksum": "ba37c205c7bf4e211e3fdb3632dce0e6"
        },
        {
          "type": "image",
          "assetId": "4IUJhAvxDvEl",
          "checksum": "3c4ce862fa8748de4103a591bdfe837c"
        },
        {
          "type": "image",
          "assetId": "0VlmxTXU6qcD",
          "checksum": "4fc3d82a97cce24678ea4dd53de1f7aa"
        },
        {
          "type": "image",
          "assetId": "G84x4R79jAH1",
          "checksum": "4dc61ab0997d0b9125dea7e73526979f"
        }
      ],
      "codegenVersion": "0.0.1"
    },
    {
      "projectId": "caTPwKxj5ZrD9LQ7DMdK4Z",
      "version": "3.23.0",
      "dependencies": {},
      "lang": "ts",
      "fileLocks": [
        {
          "assetId": "caTPwKxj5ZrD9LQ7DMdK4Z",
          "type": "projectCss",
          "checksum": "e1ec850476829c38b0f9b6d4f7ac446a"
        }
      ],
      "codegenVersion": "0.0.1"
    },
    {
      "projectId": "9Vr5YWkf3w7jj6SsTcCEta",
      "version": "0.3.0",
      "dependencies": {},
      "lang": "ts",
      "fileLocks": [
        {
          "assetId": "9Vr5YWkf3w7jj6SsTcCEta",
          "type": "projectCss",
          "checksum": "e1ec850476829c38b0f9b6d4f7ac446a"
        }
      ],
      "codegenVersion": "0.0.1"
    },
    {
      "projectId": "jkU633o1Cz7HrJdwdxhVHk",
      "version": "16.1.0",
      "dependencies": {},
      "lang": "ts",
      "fileLocks": [
        {
          "assetId": "jkU633o1Cz7HrJdwdxhVHk",
          "type": "projectCss",
          "checksum": "e1ec850476829c38b0f9b6d4f7ac446a"
        }
      ],
      "codegenVersion": "0.0.1"
    },
    {
      "projectId": "ohDidvG9XsCeFumugENU3J",
      "version": "4.15.0",
      "dependencies": {},
      "lang": "ts",
      "fileLocks": [
        {
          "assetId": "ohDidvG9XsCeFumugENU3J",
          "type": "projectCss",
          "checksum": "fd83b730367fdbde2c69bc6cf31c2a3c"
        },
        {
          "assetId": "ohDidvG9XsCeFumugENU3J",
          "checksum": "9edd6de3249e8ce87ee98f963fba1736",
          "type": "globalContexts"
        }
      ],
      "codegenVersion": "0.0.1"
    },
    {
      "projectId": "aUZyoBv2znBVirsF7auAUJ",
      "version": "5.0.0",
      "dependencies": {
        "ohDidvG9XsCeFumugENU3J": "4.15.0",
        "jkU633o1Cz7HrJdwdxhVHk": "16.1.0",
        "9Vr5YWkf3w7jj6SsTcCEta": "0.3.0",
        "YUiM7yqBWAqsh8KSnrdj7": "0.22.0",
        "caTPwKxj5ZrD9LQ7DMdK4Z": "3.23.0",
        "qLp2o69PMLTDkVR2ydizGB": "1.0.0",
        "GTgVzsUHzMuCMexkxJk8C": "1.21.0",
        "8PtdGodUbexNYgkuyBUcWu": "3.18.0",
        "kS7YGZfVr6mU43XDQjXELc": "0.10.0",
        "r3ASNrnyvLLLAtDvzUioQ": "3.20.0",
        "28Ba3BDvRe7EiWdfFNnLB6": "2.27.0"
      },
      "lang": "ts",
      "fileLocks": [
        {
          "type": "globalVariant",
          "assetId": "dmLOAMo9e-B",
          "checksum": "d6ba72ea233d6c1e751823447998862f"
        },
        {
          "type": "globalVariant",
          "assetId": "KmYKyT0-cP",
          "checksum": "e3143fcae1fbe752485b6edbff823480"
        },
        {
          "type": "globalVariant",
          "assetId": "iXAmrOcgMu",
          "checksum": "87fa43d93b673bd38cd2ae4295840234"
        },
        {
          "assetId": "aUZyoBv2znBVirsF7auAUJ",
          "type": "projectCss",
          "checksum": "2820457975917423a73677e5a718f5c8"
        },
        {
          "assetId": "aUZyoBv2znBVirsF7auAUJ",
          "checksum": "16b5cc150330e7edbf0eef3cb7fe2ac4",
          "type": "globalContexts"
        },
        {
          "type": "renderModule",
          "assetId": "Q67Ne8sbyPn",
          "checksum": "bae4be12b29bd708f26278f7d56ab0f3"
        },
        {
          "type": "cssRules",
          "assetId": "Q67Ne8sbyPn",
          "checksum": "bae4be12b29bd708f26278f7d56ab0f3"
        },
        {
          "type": "renderModule",
          "assetId": "MZ_khWtvGq",
          "checksum": "a458b4b0a3e5eecc163b307842747561"
        },
        {
          "type": "cssRules",
          "assetId": "MZ_khWtvGq",
          "checksum": "a458b4b0a3e5eecc163b307842747561"
        },
        {
          "type": "renderModule",
          "assetId": "oskxfFF4bAz",
          "checksum": "70863abc8451ac024bc2cbfe72a7117c"
        },
        {
          "type": "cssRules",
          "assetId": "oskxfFF4bAz",
          "checksum": "70863abc8451ac024bc2cbfe72a7117c"
        },
        {
          "type": "renderModule",
          "assetId": "z8gKJTdyaC-H",
          "checksum": "75775452994883ccfb24823e9711a24d"
        },
        {
          "type": "cssRules",
          "assetId": "z8gKJTdyaC-H",
          "checksum": "75775452994883ccfb24823e9711a24d"
        },
        {
          "type": "renderModule",
          "assetId": "wozDst_MhUug",
          "checksum": "91cc55433e156931b4b172f98b98a82a"
        },
        {
          "type": "cssRules",
          "assetId": "wozDst_MhUug",
          "checksum": "91cc55433e156931b4b172f98b98a82a"
        },
        {
          "type": "renderModule",
          "assetId": "hdkwfO6DN97t",
          "checksum": "49e2c4432922c155302a171e5122c8b5"
        },
        {
          "type": "cssRules",
          "assetId": "hdkwfO6DN97t",
          "checksum": "49e2c4432922c155302a171e5122c8b5"
        },
        {
          "type": "renderModule",
          "assetId": "wfbSoySNQG-a",
          "checksum": "bf4b97a8911eefda349f314920a09a33"
        },
        {
          "type": "cssRules",
          "assetId": "wfbSoySNQG-a",
          "checksum": "bf4b97a8911eefda349f314920a09a33"
        },
        {
          "type": "renderModule",
          "assetId": "riA0NYS3NAT6",
          "checksum": "e8bfa236d372fdee5059bc9208328413"
        },
        {
          "type": "cssRules",
          "assetId": "riA0NYS3NAT6",
          "checksum": "e8bfa236d372fdee5059bc9208328413"
        },
        {
          "type": "renderModule",
          "assetId": "HDv_HWbccKet",
          "checksum": "37b970ae20bc94df0692fd881ee6c8f1"
        },
        {
          "type": "cssRules",
          "assetId": "HDv_HWbccKet",
          "checksum": "37b970ae20bc94df0692fd881ee6c8f1"
        },
        {
          "type": "renderModule",
          "assetId": "qjRxKdhdUqoi",
          "checksum": "4af684962cbb66e94f1e13c7722a1e29"
        },
        {
          "type": "cssRules",
          "assetId": "qjRxKdhdUqoi",
          "checksum": "4af684962cbb66e94f1e13c7722a1e29"
        },
        {
          "type": "icon",
          "assetId": "WZo_QBMp6_4",
          "checksum": "8a9e518f4e09bc25828e4dbbdbf5e66c"
        },
        {
          "type": "icon",
          "assetId": "Ik3k9xDPN7d",
          "checksum": "694372c065bd110b84783bbce94c6098"
        },
        {
          "type": "icon",
          "assetId": "XJpVQNdzD6f",
          "checksum": "506c650fb7ae4bbfcd5c5fc465bd7cdd"
        },
        {
          "type": "icon",
          "assetId": "sQ0yZCF2eby",
          "checksum": "0194cc73e797e3f13874708695d01dff"
        },
        {
          "type": "icon",
          "assetId": "24tV0FhF8-p2",
          "checksum": "5d412bb699e08cbd906c130fa1705d3f"
        },
        {
          "type": "icon",
          "assetId": "6vxvN8sq-cbC",
          "checksum": "1d3d08fa4db83bd5fab738e118e76e8d"
        },
        {
          "type": "image",
          "assetId": "BAnlNIqyi",
          "checksum": "e54feb4c749f60aba7be9ba1a5a7f51b"
        },
        {
          "type": "image",
          "assetId": "V5zkut6Es",
          "checksum": "df785385ed06e2386b36a74dd3a20fdb"
        },
        {
          "type": "image",
          "assetId": "zVOQHgRdR",
          "checksum": "9057b2d59a703ef7cdf2e3ab05e17a94"
        },
        {
          "type": "image",
          "assetId": "YeNa269wA",
          "checksum": "12fa09a04549af3fe08f46a2730128d6"
        },
        {
          "type": "image",
          "assetId": "vx-DKw9uA",
          "checksum": "841ee0325bb7860228e911fb3c5a905f"
        },
        {
          "type": "image",
          "assetId": "r-va-jxog",
          "checksum": "ebf5ecd74c8be9a013d10af124f0e1ba"
        },
        {
          "type": "image",
          "assetId": "WYbjNxjtf",
          "checksum": "ab042a110034a360a958df4d1298bc39"
        },
        {
          "type": "image",
          "assetId": "btDt31lsa",
          "checksum": "80f86a7c05c77a197383691ba8cf3bb9"
        },
        {
          "type": "image",
          "assetId": "OWpZYBnvD",
          "checksum": "aa72ab8af4715be894944480477625ea"
        },
        {
          "type": "image",
          "assetId": "JltVdjIE9",
          "checksum": "c948bec29c7f6aa46fb1ddf6c59be0f2"
        },
        {
          "type": "image",
          "assetId": "8PQR2SJdFzlb",
          "checksum": "cad6077eb83fb16bde1e4aace523d9e4"
        },
        {
          "type": "image",
          "assetId": "hE1o4U51tH7N",
          "checksum": "3d1345d225ff197ad411c2a3cfc7aa5e"
        },
        {
          "type": "image",
          "assetId": "MzARmZrDbGbP",
          "checksum": "76e6aa08fc85855593c2910dd821f271"
        },
        {
          "type": "image",
          "assetId": "bWJ5HnakiJvt",
          "checksum": "82221018db61bb2ce8575dc280292c60"
        },
        {
          "type": "image",
          "assetId": "xYj8mZVudluw",
          "checksum": "fe25322e721731f09b0617d16d194186"
        },
        {
          "type": "image",
          "assetId": "k2pMBfgIvFyE",
          "checksum": "38aad4a31dafb0fa8e4b5e7636eef3f8"
        },
        {
          "type": "image",
          "assetId": "UvponUsaAiQF",
          "checksum": "ccc39a7c77ddf2c315bfc401e1b9275c"
        },
        {
          "type": "image",
          "assetId": "LLAjZKIUoP0z",
          "checksum": "6f8a35831c5f9e393ff7e5df0316d654"
        },
        {
          "type": "image",
          "assetId": "I8ZXVBb6X-A-",
          "checksum": "071251de6e8c7dc77b1cb40669900a20"
        },
        {
          "type": "image",
          "assetId": "nQc8koaXHqg1",
          "checksum": "85222fb7e32cebfa1f7606fb18b80631"
        },
        {
          "type": "image",
          "assetId": "Nz5c4PTF7_gv",
          "checksum": "33f292586bd43b40613b8f8d45faa46d"
        },
        {
          "type": "image",
          "assetId": "VpFZ4j13Q0Yp",
          "checksum": "c70fac295b6b6c356457aa395176d6ce"
        },
        {
          "type": "image",
          "assetId": "5sk2Ue1AhBxd",
          "checksum": "983893145b50148b75736eea052d4aa6"
        },
        {
          "type": "image",
          "assetId": "qak-l5-2X5xC",
          "checksum": "f0fe5d1c74ebae5cfd8c76679c160010"
        },
        {
          "type": "image",
          "assetId": "ILg-iTJawU24",
          "checksum": "5b593674b8c1365d6e52d92c8f489d35"
        },
        {
          "type": "image",
          "assetId": "6WVXfPfMXEjY",
          "checksum": "832c15d695821d6a2cb0ddf83f43dece"
        },
        {
          "type": "image",
          "assetId": "wGsQoveY_8Hy",
          "checksum": "ec7d40ffa52c02affee3f318909f7961"
        },
        {
          "type": "image",
          "assetId": "R57HwkHmPSAr",
          "checksum": "fbce92227118d20780c0740ebf44d629"
        },
        {
          "type": "image",
          "assetId": "6DvP_6oDPTMo",
          "checksum": "cc59bbe196906ba1547001be8b6ffee8"
        },
        {
          "type": "image",
          "assetId": "UWPOyoXZhRQ_",
          "checksum": "50882b27f350ea8d34379cfa392df333"
        },
        {
          "type": "image",
          "assetId": "aNUyANgsIvCa",
          "checksum": "0afdc08271de674b5de79d6a05c98acd"
        },
        {
          "type": "image",
          "assetId": "u84-3s13C5MF",
          "checksum": "e3112309eef99a394b13ef07719322bc"
        }
      ],
      "codegenVersion": "0.0.1"
    },
    {
      "projectId": "jRoJMdotnQyfNhd2bb9wzm",
      "version": "latest",
      "dependencies": {
        "ohDidvG9XsCeFumugENU3J": "4.15.0",
        "jkU633o1Cz7HrJdwdxhVHk": "16.1.0",
        "9Vr5YWkf3w7jj6SsTcCEta": "0.3.0",
        "aUZyoBv2znBVirsF7auAUJ": "5.0.0",
        "YUiM7yqBWAqsh8KSnrdj7": "0.22.0",
        "caTPwKxj5ZrD9LQ7DMdK4Z": "3.23.0",
        "GTgVzsUHzMuCMexkxJk8C": "1.21.0",
        "8PtdGodUbexNYgkuyBUcWu": "3.18.0",
        "kS7YGZfVr6mU43XDQjXELc": "0.10.0",
        "r3ASNrnyvLLLAtDvzUioQ": "3.20.0",
        "28Ba3BDvRe7EiWdfFNnLB6": "2.27.0"
      },
      "lang": "ts",
      "fileLocks": [
        {
          "type": "globalVariant",
          "assetId": "JwDmd3gqm71b",
          "checksum": "36f2a2d8ba5a5a64160c5cc9a0e1ec6a"
        },
        {
          "assetId": "jRoJMdotnQyfNhd2bb9wzm",
          "type": "projectCss",
          "checksum": "1d078d362e88025949dceb32453377b2"
        },
        {
          "assetId": "jRoJMdotnQyfNhd2bb9wzm",
          "checksum": "eb8b8eea351fdeab377750a8f974c676",
          "type": "globalContexts"
        },
        {
          "type": "renderModule",
          "assetId": "8IGchxCKVNfT",
          "checksum": "3d5e7d629e24585cb462b6eaa1520028"
        },
        {
          "type": "cssRules",
          "assetId": "8IGchxCKVNfT",
          "checksum": "3d5e7d629e24585cb462b6eaa1520028"
        },
        {
          "type": "renderModule",
          "assetId": "yXfxZSeSnrBf",
          "checksum": "6290e910182978d3c5c4e76fdbce29a8"
        },
        {
          "type": "cssRules",
          "assetId": "yXfxZSeSnrBf",
          "checksum": "6290e910182978d3c5c4e76fdbce29a8"
        },
        {
          "type": "icon",
          "assetId": "fMwZtu94PeXq",
          "checksum": "a52eeb0036e7ac9295a7fedb526f3b8b"
        },
        {
          "type": "icon",
          "assetId": "g_emh-D2Gs5_",
          "checksum": "9a64683fa6373ddbaabee67be4b35efb"
        }
      ],
      "codegenVersion": "0.0.1"
    }
  ],
  "cliVersion": "0.1.308"
}
